
Microsoft Visual Studio Solution File, Format Version 12.00
# Visual Studio Version 16
VisualStudioVersion = 16.0.28917.181
MinimumVisualStudioVersion = 10.0.40219.1
Project("{FAE04EC0-301F-11D3-BF4B-00C04F79EFBC}") = "HealthCare", "HealthCare\HealthCare.csproj", "{3DAA4E41-A990-4715-9EF9-F515DEF311F2}"
EndProject
Global
	GlobalSection(SolutionConfigurationPlatforms) = preSolution
		Debug|Any CPU = Debug|Any CPU
		Release|Any CPU = Release|Any CPU
	EndGlobalSection
	GlobalSection(ProjectConfigurationPlatforms) = postSolution
		{3DAA4E41-A990-4715-9EF9-F515DEF311F2}.Debug|Any CPU.ActiveCfg = Debug|Any CPU
		{3DAA4E41-A990-4715-9EF9-F515DEF311F2}.Debug|Any CPU.Build.0 = Debug|Any CPU
		{3DAA4E41-A990-4715-9EF9-F515DEF311F2}.Release|Any CPU.ActiveCfg = Release|Any CPU
		{3DAA4E41-A990-4715-9EF9-F515DEF311F2}.Release|Any CPU.Build.0 = Release|Any CPU
	EndGlobalSection
	GlobalSection(SolutionProperties) = preSolution
		HideSolutionNode = FALSE
	EndGlobalSection
	GlobalSection(ExtensibilityGlobals) = postSolution
		SolutionGuid = {FC2B7890-486C-4408-A493-0FF7DB439579}
	EndGlobalSection
EndGlobal
